
Microsoft Visual Studio Solution File, Format Version 12.00
# Visual Studio Version 17
VisualStudioVersion = 17.4.33213.308
MinimumVisualStudioVersion = 10.0.40219.1
Project("{9A19103F-16F7-4668-BE54-9A1E7A4F7556}") = "DataAccess", "DataAccess\DataAccess.csproj", "{E30D1DF3-1B46-45FD-9CFA-F10AC4466EB6}"
EndProject
Project("{FAE04EC0-301F-11D3-BF4B-00C04F79EFBC}") = "TestDataBase", "TestParkingDb\TestDataBase.csproj", "{BE2073C7-88CE-4666-A33A-E62BECE8A858}"
EndProject
Project("{00D1A9C2-B5F0-4AF3-8072-F6C62B433612}") = "DataBase", "DataBase\DataBase.sqlproj", "{AE0649EA-3528-47FB-8DBC-D196224DCB15}"
EndProject
Project("{9A19103F-16F7-4668-BE54-9A1E7A4F7556}") = "Parking", "Parking\Parking.csproj", "{170AAA29-5AD1-479A-B20C-F608F6B81294}"
EndProject
Project("{9A19103F-16F7-4668-BE54-9A1E7A4F7556}") = "ParkingDesktop", "ParkingDesktop\ParkingDesktop.csproj", "{CB2791B5-EFB2-42F8-B850-F0A82BCB6DD4}"
EndProject
Project("{9A19103F-16F7-4668-BE54-9A1E7A4F7556}") = "ParkingMobile", "ParkingMobile\ParkingMobile.csproj", "{DE162795-8454-469B-B758-A6C0FAC59F16}"
EndProject
Project("{9A19103F-16F7-4668-BE54-9A1E7A4F7556}") = "ParkingWeb", "ParkingWeb\ParkingWeb.csproj", "{00EB5CEC-9B1A-4F39-A35B-2CCCAB5D8DA0}"
EndProject
Project("{9A19103F-16F7-4668-BE54-9A1E7A4F7556}") = "TestDataAccess", "TestParking\TestDataAccess.csproj", "{005A437A-16D2-4F8B-ACDE-139CC387B67E}"
EndProject
Global
	GlobalSection(SolutionConfigurationPlatforms) = preSolution
		Debug|Any CPU = Debug|Any CPU
		Release|Any CPU = Release|Any CPU
	EndGlobalSection
	GlobalSection(ProjectConfigurationPlatforms) = postSolution
		{E30D1DF3-1B46-45FD-9CFA-F10AC4466EB6}.Debug|Any CPU.ActiveCfg = Debug|Any CPU
		{E30D1DF3-1B46-45FD-9CFA-F10AC4466EB6}.Debug|Any CPU.Build.0 = Debug|Any CPU
		{E30D1DF3-1B46-45FD-9CFA-F10AC4466EB6}.Release|Any CPU.ActiveCfg = Release|Any CPU
		{E30D1DF3-1B46-45FD-9CFA-F10AC4466EB6}.Release|Any CPU.Build.0 = Release|Any CPU
		{BE2073C7-88CE-4666-A33A-E62BECE8A858}.Debug|Any CPU.ActiveCfg = Debug|Any CPU
		{BE2073C7-88CE-4666-A33A-E62BECE8A858}.Debug|Any CPU.Build.0 = Debug|Any CPU
		{BE2073C7-88CE-4666-A33A-E62BECE8A858}.Release|Any CPU.ActiveCfg = Release|Any CPU
		{BE2073C7-88CE-4666-A33A-E62BECE8A858}.Release|Any CPU.Build.0 = Release|Any CPU
		{AE0649EA-3528-47FB-8DBC-D196224DCB15}.Debug|Any CPU.ActiveCfg = Debug|Any CPU
		{AE0649EA-3528-47FB-8DBC-D196224DCB15}.Debug|Any CPU.Build.0 = Debug|Any CPU
		{AE0649EA-3528-47FB-8DBC-D196224DCB15}.Debug|Any CPU.Deploy.0 = Debug|Any CPU
		{AE0649EA-3528-47FB-8DBC-D196224DCB15}.Release|Any CPU.ActiveCfg = Release|Any CPU
		{AE0649EA-3528-47FB-8DBC-D196224DCB15}.Release|Any CPU.Build.0 = Release|Any CPU
		{AE0649EA-3528-47FB-8DBC-D196224DCB15}.Release|Any CPU.Deploy.0 = Release|Any CPU
		{170AAA29-5AD1-479A-B20C-F608F6B81294}.Debug|Any CPU.ActiveCfg = Debug|Any CPU
		{170AAA29-5AD1-479A-B20C-F608F6B81294}.Debug|Any CPU.Build.0 = Debug|Any CPU
		{170AAA29-5AD1-479A-B20C-F608F6B81294}.Release|Any CPU.ActiveCfg = Release|Any CPU
		{170AAA29-5AD1-479A-B20C-F608F6B81294}.Release|Any CPU.Build.0 = Release|Any CPU
		{CB2791B5-EFB2-42F8-B850-F0A82BCB6DD4}.Debug|Any CPU.ActiveCfg = Debug|Any CPU
		{CB2791B5-EFB2-42F8-B850-F0A82BCB6DD4}.Debug|Any CPU.Build.0 = Debug|Any CPU
		{CB2791B5-EFB2-42F8-B850-F0A82BCB6DD4}.Release|Any CPU.ActiveCfg = Release|Any CPU
		{CB2791B5-EFB2-42F8-B850-F0A82BCB6DD4}.Release|Any CPU.Build.0 = Release|Any CPU
		{DE162795-8454-469B-B758-A6C0FAC59F16}.Debug|Any CPU.ActiveCfg = Debug|Any CPU
		{DE162795-8454-469B-B758-A6C0FAC59F16}.Debug|Any CPU.Build.0 = Debug|Any CPU
		{DE162795-8454-469B-B758-A6C0FAC59F16}.Debug|Any CPU.Deploy.0 = Debug|Any CPU
		{DE162795-8454-469B-B758-A6C0FAC59F16}.Release|Any CPU.ActiveCfg = Release|Any CPU
		{DE162795-8454-469B-B758-A6C0FAC59F16}.Release|Any CPU.Build.0 = Release|Any CPU
		{DE162795-8454-469B-B758-A6C0FAC59F16}.Release|Any CPU.Deploy.0 = Release|Any CPU
		{00EB5CEC-9B1A-4F39-A35B-2CCCAB5D8DA0}.Debug|Any CPU.ActiveCfg = Debug|Any CPU
		{00EB5CEC-9B1A-4F39-A35B-2CCCAB5D8DA0}.Debug|Any CPU.Build.0 = Debug|Any CPU
		{00EB5CEC-9B1A-4F39-A35B-2CCCAB5D8DA0}.Release|Any CPU.ActiveCfg = Release|Any CPU
		{00EB5CEC-9B1A-4F39-A35B-2CCCAB5D8DA0}.Release|Any CPU.Build.0 = Release|Any CPU
		{005A437A-16D2-4F8B-ACDE-139CC387B67E}.Debug|Any CPU.ActiveCfg = Debug|Any CPU
		{005A437A-16D2-4F8B-ACDE-139CC387B67E}.Debug|Any CPU.Build.0 = Debug|Any CPU
		{005A437A-16D2-4F8B-ACDE-139CC387B67E}.Release|Any CPU.ActiveCfg = Release|Any CPU
		{005A437A-16D2-4F8B-ACDE-139CC387B67E}.Release|Any CPU.Build.0 = Release|Any CPU
	EndGlobalSection
	GlobalSection(SolutionProperties) = preSolution
		HideSolutionNode = FALSE
	EndGlobalSection
	GlobalSection(ExtensibilityGlobals) = postSolution
		SolutionGuid = {9B50070F-6EA9-49AD-9E60-26981DCF4093}
	EndGlobalSection
EndGlobal
